
Microsoft Visual Studio Solution File, Format Version 12.00
# Visual Studio Version 16
VisualStudioVersion = 16.0.32413.511
MinimumVisualStudioVersion = 10.0.40219.1
Project("{FAE04EC0-301F-11D3-BF4B-00C04F79EFBC}") = "CRUD_PersonBRRD", "CRUD_PersonBRRD\CRUD_PersonBRRD.csproj", "{51F39ECB-78E3-44D3-BA04-2CA4E346823A}"
EndProject
Global
	GlobalSection(SolutionConfigurationPlatforms) = preSolution
		Debug|Any CPU = Debug|Any CPU
		Release|Any CPU = Release|Any CPU
	EndGlobalSection
	GlobalSection(ProjectConfigurationPlatforms) = postSolution
		{51F39ECB-78E3-44D3-BA04-2CA4E346823A}.Debug|Any CPU.ActiveCfg = Debug|Any CPU
		{51F39ECB-78E3-44D3-BA04-2CA4E346823A}.Debug|Any CPU.Build.0 = Debug|Any CPU
		{51F39ECB-78E3-44D3-BA04-2CA4E346823A}.Release|Any CPU.ActiveCfg = Release|Any CPU
		{51F39ECB-78E3-44D3-BA04-2CA4E346823A}.Release|Any CPU.Build.0 = Release|Any CPU
	EndGlobalSection
	GlobalSection(SolutionProperties) = preSolution
		HideSolutionNode = FALSE
	EndGlobalSection
	GlobalSection(ExtensibilityGlobals) = postSolution
		SolutionGuid = {4F14F676-372F-4CFC-9A5F-4F6FE9FDF16C}
	EndGlobalSection
EndGlobal
